
Microsoft Visual Studio Solution File, Format Version 12.00
# Visual Studio 2013
VisualStudioVersion = 12.0.30723.0
MinimumVisualStudioVersion = 10.0.40219.1
Project("{FAE04EC0-301F-11D3-BF4B-00C04F79EFBC}") = "StreamCryptor", "StreamCryptor\StreamCryptor.csproj", "{62EF32AE-A3B5-4BAF-8661-8FC815BF4CEF}"
EndProject
Project("{FAE04EC0-301F-11D3-BF4B-00C04F79EFBC}") = "Tests", "Tests\Tests.csproj", "{746AD657-86CB-471C-8DFD-A07E9F97E3C2}"
EndProject
Project("{2150E333-8FDC-42A3-9474-1A3956D46DE8}") = ".nuget", ".nuget", "{08FB41BB-C26A-4B3D-AFF4-E88DDE3681D0}"
	ProjectSection(SolutionItems) = preProject
		.nuget\packages.config = .nuget\packages.config
	EndProjectSection
EndProject
Global
	GlobalSection(SolutionConfigurationPlatforms) = preSolution
		Debug|Any CPU = Debug|Any CPU
		Release|Any CPU = Release|Any CPU
	EndGlobalSection
	GlobalSection(ProjectConfigurationPlatforms) = postSolution
		{62EF32AE-A3B5-4BAF-8661-8FC815BF4CEF}.Debug|Any CPU.ActiveCfg = Debug|Any CPU
		{62EF32AE-A3B5-4BAF-8661-8FC815BF4CEF}.Debug|Any CPU.Build.0 = Debug|Any CPU
		{62EF32AE-A3B5-4BAF-8661-8FC815BF4CEF}.Release|Any CPU.ActiveCfg = Release|Any CPU
		{62EF32AE-A3B5-4BAF-8661-8FC815BF4CEF}.Release|Any CPU.Build.0 = Release|Any CPU
		{746AD657-86CB-471C-8DFD-A07E9F97E3C2}.Debug|Any CPU.ActiveCfg = Debug|Any CPU
		{746AD657-86CB-471C-8DFD-A07E9F97E3C2}.Debug|Any CPU.Build.0 = Debug|Any CPU
		{746AD657-86CB-471C-8DFD-A07E9F97E3C2}.Release|Any CPU.ActiveCfg = Release|Any CPU
		{746AD657-86CB-471C-8DFD-A07E9F97E3C2}.Release|Any CPU.Build.0 = Release|Any CPU
	EndGlobalSection
	GlobalSection(SolutionProperties) = preSolution
		HideSolutionNode = FALSE
	EndGlobalSection
EndGlobal
